
Microsoft Visual Studio Solution File, Format Version 12.00
# Visual Studio Version 17
VisualStudioVersion = 17.3.32728.150
MinimumVisualStudioVersion = 10.0.40219.1
Project("{FAE04EC0-301F-11D3-BF4B-00C04F79EFBC}") = "AppConfiguration.Api", "AppConfiguration.Api\AppConfiguration.Api.csproj", "{12B5C910-C835-46FB-8CFA-EC053933921E}"
EndProject
Global
	GlobalSection(SolutionConfigurationPlatforms) = preSolution
		Debug|Any CPU = Debug|Any CPU
		Release|Any CPU = Release|Any CPU
	EndGlobalSection
	GlobalSection(ProjectConfigurationPlatforms) = postSolution
		{12B5C910-C835-46FB-8CFA-EC053933921E}.Debug|Any CPU.ActiveCfg = Debug|Any CPU
		{12B5C910-C835-46FB-8CFA-EC053933921E}.Debug|Any CPU.Build.0 = Debug|Any CPU
		{12B5C910-C835-46FB-8CFA-EC053933921E}.Release|Any CPU.ActiveCfg = Release|Any CPU
		{12B5C910-C835-46FB-8CFA-EC053933921E}.Release|Any CPU.Build.0 = Release|Any CPU
	EndGlobalSection
	GlobalSection(SolutionProperties) = preSolution
		HideSolutionNode = FALSE
	EndGlobalSection
	GlobalSection(ExtensibilityGlobals) = postSolution
		SolutionGuid = {A438E814-F65A-4BB9-B0B9-5EC07F1E08C7}
	EndGlobalSection
EndGlobal
